github.com/AlekSi/pointer v1.0.0/go.mod h1:1kjywbfcPFCmncIxtk6fIEub6LKrfMz3gc5QKVOSOA8=
github.com/BRUHItsABunny/atomic v0.0.0-20221125214309-9e798cd18888/go.mod h1:LUxbIzbOniOlMKjJjyPfpl4v+PKK2cNJn91OQbhoJI0=
github.com/BRUHItsABunny/crypto-utils v0.0.5/go.mod h1:0P7k5dYqGmwk7zTjJue47aE2TRzNA9Fo3d4Bm5+SZIE=
github.com/BRUHItsABunny/gOkHttp v0.3.0/go.mod h1:/6pwGsRlAPHuDq36PYO3xB7O5sx77oBSkAh99Kb0Q6o=
github.com/BRUHItsABunny/hashmap v0.0.0-20221125164545-8b59f13d589a/go.mod h1:RfZb7JO3RviW/rT6emczVuC/oxpdz4UsSB2LJSclR1k=
github.com/OneOfOne/xxhash v1.2.8/go.mod h1:eZbhyaAYD41SGSSsnmcpxVoRiQ/MPUTjUdIIOT9Um7Q=
github.com/davecgh/go-spew v1.1.0/go.mod h1:J7Y8YcW2NihsgmVo/mv3lAwl/skON4iLHjSsI+c5H38=
github.com/dustin/go-humanize v1.0.1/go.mod h1:Mu1zIs6XwVuF/gI1OepvI0qD18qycQx+mFykh5fBlto=
github.com/etherlabsio/go-m3u8 v1.0.0/go.mod h1:RzDiaXgaYnIEzZUmVUD/xMRFR7bY7U5JaCnp8XYLmXU=
github.com/joho/godotenv v1.5.1/go.mod h1:f4LDr5Voq0i2e/R5DDNOoa2zzDfwtkZa6DnEwAbqwq4=
github.com/pmezard/go-difflib v1.0.0/go.mod h1:iKH77koFhYxTK1pcRnkKkqfTogsbg7gZNVY4sRDYZ/4=
github.com/stretchr/objx v0.1.0/go.mod h1:HFkY916IF+rwdDfMAkV7OtwuqBVzrE8GR6GFx+wExME=
github.com/stretchr/testify v1.3.0/go.mod h1:M5WIy9Dh21IEIfnGCwXGc5bZfKNJtfHm1UVUgZn+9EI=
github.com/yapingcat/gomedia v0.0.0-20230601130610-1ce7ce182788/go.mod h1:WSZ59bidJOO40JSJmLqlkBJrjZCtjbKKkygEMfzY/kc=
github.com/yapingcat/gomedia v0.0.0-20240906162731-17feea57090c h1:xA2TJS9Hu/ivzaZIrDcwvpJ3Fnpsk5fDOJ4iSnL6J0w=
github.com/yapingcat/gomedia v0.0.0-20240906162731-17feea57090c/go.mod h1:WSZ59bidJOO40JSJmLqlkBJrjZCtjbKKkygEMfzY/kc=
golang.org/x/crypto v0.0.0-20190308221718-c2843e01d9a2/go.mod h1:djNgcEr1/C05ACkg1iLfiJU5Ep61QUkGW8qpdssI0+w=
golang.org/x/crypto v0.0.0-20201221181555-eec23a3978ad/go.mod h1:jdWPYTVW3xRLrWPugEBEK3UY2ZEsg3UU495nc5E+M+I=
golang.org/x/net v0.0.0-20190404232315-eb5bcb51f2a3/go.mod h1:t9HGtf8HONx5eT2rtn7q6eTqICYqUVnKs3thJo3Qplg=
golang.org/x/net v0.7.0/go.mod h1:2Tu9+aMcznHK/AK1HMvgo6xiTLG5rD5rZLDS+rp2Bjs=
golang.org/x/sync v0.1.0/go.mod h1:RxMgew5VJxzue5/jJTE5uejpjVlOe/izrB70Jof72aM=
golang.org/x/sys v0.0.0-20190215142949-d0b11bdaac8a/go.mod h1:STP8DvDyc/dI5b8T5hshtkjS+E42TnysNCUPdjciGhY=
golang.org/x/sys v0.0.0-20191026070338-33540a1f6037/go.mod h1:h1NjWce9XRLGQEsW7wpKNCjG9DtNlClVuFLEZdDNbEs=
golang.org/x/term v0.0.0-20201117132131-f5c789dd3221/go.mod h1:Nr5EML6q2oocZ2LXRh80K7BxOlk5/8JxuGnuhpl+muw=
golang.org/x/text v0.3.0/go.mod h1:NqM8EUOU14njkJ3fqMW+pc6Ldnwhi/IjpwHt7yyuwOQ=
golang.org/x/text v0.7.0/go.mod h1:mrYo+phRRbMaCq/xk9113O4dZlRixOauAjOtrjsXDZ8=
